
Microsoft Visual Studio Solution File, Format Version 12.00
# Visual Studio Version 16
VisualStudioVersion = 16.0.31005.135
MinimumVisualStudioVersion = 10.0.40219.1
Project("{FAE04EC0-301F-11D3-BF4B-00C04F79EFBC}") = "RepoSystemWeb", "RepoSystemWeb\RepoSystemWeb.csproj", "{D8ED60D0-46F5-436F-AEFD-0F1E4D7115FC}"
EndProject
Project("{FAE04EC0-301F-11D3-BF4B-00C04F79EFBC}") = "DataAccess", "DataAccess\DataAccess.csproj", "{75118400-E14C-4E39-BD1E-C851B67743FA}"
EndProject
Project("{FAE04EC0-301F-11D3-BF4B-00C04F79EFBC}") = "Services", "Services\Services.csproj", "{93C3431E-1896-460D-80EE-FEA3190503B0}"
EndProject
Global
	GlobalSection(SolutionConfigurationPlatforms) = preSolution
		Debug|Any CPU = Debug|Any CPU
		Release|Any CPU = Release|Any CPU
	EndGlobalSection
	GlobalSection(ProjectConfigurationPlatforms) = postSolution
		{D8ED60D0-46F5-436F-AEFD-0F1E4D7115FC}.Debug|Any CPU.ActiveCfg = Debug|Any CPU
		{D8ED60D0-46F5-436F-AEFD-0F1E4D7115FC}.Debug|Any CPU.Build.0 = Debug|Any CPU
		{D8ED60D0-46F5-436F-AEFD-0F1E4D7115FC}.Release|Any CPU.ActiveCfg = Release|Any CPU
		{D8ED60D0-46F5-436F-AEFD-0F1E4D7115FC}.Release|Any CPU.Build.0 = Release|Any CPU
		{75118400-E14C-4E39-BD1E-C851B67743FA}.Debug|Any CPU.ActiveCfg = Debug|Any CPU
		{75118400-E14C-4E39-BD1E-C851B67743FA}.Debug|Any CPU.Build.0 = Debug|Any CPU
		{75118400-E14C-4E39-BD1E-C851B67743FA}.Release|Any CPU.ActiveCfg = Release|Any CPU
		{75118400-E14C-4E39-BD1E-C851B67743FA}.Release|Any CPU.Build.0 = Release|Any CPU
		{93C3431E-1896-460D-80EE-FEA3190503B0}.Debug|Any CPU.ActiveCfg = Debug|Any CPU
		{93C3431E-1896-460D-80EE-FEA3190503B0}.Debug|Any CPU.Build.0 = Debug|Any CPU
		{93C3431E-1896-460D-80EE-FEA3190503B0}.Release|Any CPU.ActiveCfg = Release|Any CPU
		{93C3431E-1896-460D-80EE-FEA3190503B0}.Release|Any CPU.Build.0 = Release|Any CPU
	EndGlobalSection
	GlobalSection(SolutionProperties) = preSolution
		HideSolutionNode = FALSE
	EndGlobalSection
	GlobalSection(ExtensibilityGlobals) = postSolution
		SolutionGuid = {E9A85A1D-A9FD-4287-AADC-BDD947E7D515}
	EndGlobalSection
EndGlobal
